{
  "name": "brewer_map",
  "version": "0.1.0",
  "lockfileVersion": 1,
  "requires": true,
  "dependencies": {
    "google-maps": {
      "version": "3.2.1",
      "resolved": "https://registry.npmjs.org/google-maps/-/google-maps-3.2.1.tgz",
      "integrity": "sha1-wHWPKxdaSo0RDBq7H8TMOMEXbgY="
    },
    "qs": {
      "version": "6.5.1",
      "resolved": "https://registry.npmjs.org/qs/-/qs-6.5.1.tgz",
      "integrity": "sha512-eRzhrN1WSINYCDCbrz796z37LOe3m5tmW7RQf6oBntukAG1nmovJvhnwHHRMAfeoItc1m2Hk02WER2aQ/iqs+A=="
    }
  }
}
